
Microsoft Visual Studio Solution File, Format Version 12.00
# Visual Studio Version 17
VisualStudioVersion = 17.6.33829.357
MinimumVisualStudioVersion = 10.0.40219.1
Project("{FAE04EC0-301F-11D3-BF4B-00C04F79EFBC}") = "HospitalBook", "HospitalBook.csproj", "{E17B0482-A73A-4C56-A0E4-AF91662757B4}"
EndProject
Global
	GlobalSection(SolutionConfigurationPlatforms) = preSolution
		Debug|Any CPU = Debug|Any CPU
		Release|Any CPU = Release|Any CPU
	EndGlobalSection
	GlobalSection(ProjectConfigurationPlatforms) = postSolution
		{E17B0482-A73A-4C56-A0E4-AF91662757B4}.Debug|Any CPU.ActiveCfg = Debug|Any CPU
		{E17B0482-A73A-4C56-A0E4-AF91662757B4}.Debug|Any CPU.Build.0 = Debug|Any CPU
		{E17B0482-A73A-4C56-A0E4-AF91662757B4}.Release|Any CPU.ActiveCfg = Release|Any CPU
		{E17B0482-A73A-4C56-A0E4-AF91662757B4}.Release|Any CPU.Build.0 = Release|Any CPU
	EndGlobalSection
	GlobalSection(SolutionProperties) = preSolution
		HideSolutionNode = FALSE
	EndGlobalSection
	GlobalSection(ExtensibilityGlobals) = postSolution
		SolutionGuid = {34E8404D-303B-4F79-889E-ECB21B8DE15F}
	EndGlobalSection
EndGlobal
